// !$*UTF8*$!
{
	archiveVersion = 1;
	classes = {
	};
	objectVersion = 56;
	objects = {

/* Begin PBXBuildFile section */
		6036935B2B1C6FA700AE4F04 /* AppDelegate.swift in Sources */ = {isa = PBXBuildFile; fileRef = 6036935A2B1C6FA700AE4F04 /* AppDelegate.swift */; };
		6036935D2B1C6FA700AE4F04 /* SceneDelegate.swift in Sources */ = {isa = PBXBuildFile; fileRef = 6036935C2B1C6FA700AE4F04 /* SceneDelegate.swift */; };
		6036935F2B1C6FA700AE4F04 /* InitialViewController.swift in Sources */ = {isa = PBXBuildFile; fileRef = 6036935E2B1C6FA700AE4F04 /* InitialViewController.swift */; };
		603693642B1C6FA700AE4F04 /* Assets.xcassets in Resources */ = {isa = PBXBuildFile; fileRef = 603693632B1C6FA700AE4F04 /* Assets.xcassets */; };
		603693672B1C6FA700AE4F04 /* LaunchScreen.storyboard in Resources */ = {isa = PBXBuildFile; fileRef = 603693652B1C6FA700AE4F04 /* LaunchScreen.storyboard */; };
		603693732B1C72B800AE4F04 /* InitialVCCustomButton.swift in Sources */ = {isa = PBXBuildFile; fileRef = 603693722B1C72B800AE4F04 /* InitialVCCustomButton.swift */; };
		603693752B1CC93900AE4F04 /* ViewModel.swift in Sources */ = {isa = PBXBuildFile; fileRef = 603693742B1CC93900AE4F04 /* ViewModel.swift */; };
		603693772B1CCB2C00AE4F04 /* FruitModel.swift in Sources */ = {isa = PBXBuildFile; fileRef = 603693762B1CCB2C00AE4F04 /* FruitModel.swift */; };
		6036937B2B1CCC4E00AE4F04 /* FruitListView.swift in Sources */ = {isa = PBXBuildFile; fileRef = 6036937A2B1CCC4E00AE4F04 /* FruitListView.swift */; };
		6036937E2B1CCF4500AE4F04 /* FruitListCell.swift in Sources */ = {isa = PBXBuildFile; fileRef = 6036937D2B1CCF4500AE4F04 /* FruitListCell.swift */; };
		603693802B1CD5BD00AE4F04 /* FruitListUIViewViewController.swift in Sources */ = {isa = PBXBuildFile; fileRef = 6036937F2B1CD5BD00AE4F04 /* FruitListUIViewViewController.swift */; };
		603693832B1CD60F00AE4F04 /* FruitListUITableView.swift in Sources */ = {isa = PBXBuildFile; fileRef = 603693822B1CD60F00AE4F04 /* FruitListUITableView.swift */; };
		603693862B1CE66100AE4F04 /* FruitCellUIHorizontalStackView.swift in Sources */ = {isa = PBXBuildFile; fileRef = 603693852B1CE66100AE4F04 /* FruitCellUIHorizontalStackView.swift */; };
/* End PBXBuildFile section */

/* Begin PBXFileReference section */
		603693572B1C6FA700AE4F04 /* MVVMForBothUIKitAndSwiftUI.app */ = {isa = PBXFileReference; explicitFileType = wrapper.application; includeInIndex = 0; path = MVVMForBothUIKitAndSwiftUI.app; sourceTree = BUILT_PRODUCTS_DIR; };
		6036935A2B1C6FA700AE4F04 /* AppDelegate.swift */ = {isa = PBXFileReference; lastKnownFileType = sourcecode.swift; path = AppDelegate.swift; sourceTree = "<group>"; };
		6036935C2B1C6FA700AE4F04 /* SceneDelegate.swift */ = {isa = PBXFileReference; lastKnownFileType = sourcecode.swift; path = SceneDelegate.swift; sourceTree = "<group>"; };
		6036935E2B1C6FA700AE4F04 /* InitialViewController.swift */ = {isa = PBXFileReference; lastKnownFileType = sourcecode.swift; path = InitialViewController.swift; sourceTree = "<group>"; };
		603693632B1C6FA700AE4F04 /* Assets.xcassets */ = {isa = PBXFileReference; lastKnownFileType = folder.assetcatalog; path = Assets.xcassets; sourceTree = "<group>"; };
		603693662B1C6FA700AE4F04 /* Base */ = {isa = PBXFileReference; lastKnownFileType = file.storyboard; name = Base; path = Base.lproj/LaunchScreen.storyboard; sourceTree = "<group>"; };
		603693682B1C6FA700AE4F04 /* Info.plist */ = {isa = PBXFileReference; lastKnownFileType = text.plist.xml; path = Info.plist; sourceTree = "<group>"; };
		603693722B1C72B800AE4F04 /* InitialVCCustomButton.swift */ = {isa = PBXFileReference; lastKnownFileType = sourcecode.swift; path = InitialVCCustomButton.swift; sourceTree = "<group>"; };
		603693742B1CC93900AE4F04 /* ViewModel.swift */ = {isa = PBXFileReference; lastKnownFileType = sourcecode.swift; path = ViewModel.swift; sourceTree = "<group>"; };
		603693762B1CCB2C00AE4F04 /* FruitModel.swift */ = {isa = PBXFileReference; lastKnownFileType = sourcecode.swift; path = FruitModel.swift; sourceTree = "<group>"; };
		6036937A2B1CCC4E00AE4F04 /* FruitListView.swift */ = {isa = PBXFileReference; lastKnownFileType = sourcecode.swift; path = FruitListView.swift; sourceTree = "<group>"; };
		6036937D2B1CCF4500AE4F04 /* FruitListCell.swift */ = {isa = PBXFileReference; lastKnownFileType = sourcecode.swift; path = FruitListCell.swift; sourceTree = "<group>"; };
		6036937F2B1CD5BD00AE4F04 /* FruitListUIViewViewController.swift */ = {isa = PBXFileReference; lastKnownFileType = sourcecode.swift; path = FruitListUIViewViewController.swift; sourceTree = "<group>"; };
		603693822B1CD60F00AE4F04 /* FruitListUITableView.swift */ = {isa = PBXFileReference; lastKnownFileType = sourcecode.swift; path = FruitListUITableView.swift; sourceTree = "<group>"; };
		603693852B1CE66100AE4F04 /* FruitCellUIHorizontalStackView.swift */ = {isa = PBXFileReference; lastKnownFileType = sourcecode.swift; path = FruitCellUIHorizontalStackView.swift; sourceTree = "<group>"; };
/* End PBXFileReference section */

/* Begin PBXFrameworksBuildPhase section */
		603693542B1C6FA700AE4F04 /* Frameworks */ = {
			isa = PBXFrameworksBuildPhase;
			buildActionMask = 2147483647;
			files = (
			);
			runOnlyForDeploymentPostprocessing = 0;
		};
/* End PBXFrameworksBuildPhase section */

/* Begin PBXGroup section */
		6036934E2B1C6FA600AE4F04 = {
			isa = PBXGroup;
			children = (
				603693592B1C6FA700AE4F04 /* MVVMForBothUIKitAndSwiftUI */,
				603693582B1C6FA700AE4F04 /* Products */,
			);
			sourceTree = "<group>";
		};
		603693582B1C6FA700AE4F04 /* Products */ = {
			isa = PBXGroup;
			children = (
				603693572B1C6FA700AE4F04 /* MVVMForBothUIKitAndSwiftUI.app */,
			);
			name = Products;
			sourceTree = "<group>";
		};
		603693592B1C6FA700AE4F04 /* MVVMForBothUIKitAndSwiftUI */ = {
			isa = PBXGroup;
			children = (
				6036935E2B1C6FA700AE4F04 /* InitialViewController.swift */,
				603693712B1C729E00AE4F04 /* CustomViews */,
				6036936F2B1C6FBB00AE4F04 /* Model */,
				6036936E2B1C6FAE00AE4F04 /* ViewModel */,
				603693702B1C6FC900AE4F04 /* View */,
				6036935A2B1C6FA700AE4F04 /* AppDelegate.swift */,
				6036935C2B1C6FA700AE4F04 /* SceneDelegate.swift */,
				603693632B1C6FA700AE4F04 /* Assets.xcassets */,
				603693652B1C6FA700AE4F04 /* LaunchScreen.storyboard */,
				603693682B1C6FA700AE4F04 /* Info.plist */,
			);
			path = MVVMForBothUIKitAndSwiftUI;
			sourceTree = "<group>";
		};
		6036936E2B1C6FAE00AE4F04 /* ViewModel */ = {
			isa = PBXGroup;
			children = (
				603693742B1CC93900AE4F04 /* ViewModel.swift */,
			);
			path = ViewModel;
			sourceTree = "<group>";
		};
		6036936F2B1C6FBB00AE4F04 /* Model */ = {
			isa = PBXGroup;
			children = (
				603693762B1CCB2C00AE4F04 /* FruitModel.swift */,
			);
			path = Model;
			sourceTree = "<group>";
		};
		603693702B1C6FC900AE4F04 /* View */ = {
			isa = PBXGroup;
			children = (
				603693792B1CCBD500AE4F04 /* UIKitViews */,
				603693782B1CCBCB00AE4F04 /* SwiftUIViews */,
			);
			path = View;
			sourceTree = "<group>";
		};
		603693712B1C729E00AE4F04 /* CustomViews */ = {
			isa = PBXGroup;
			children = (
				603693722B1C72B800AE4F04 /* InitialVCCustomButton.swift */,
			);
			path = CustomViews;
			sourceTree = "<group>";
		};
		603693782B1CCBCB00AE4F04 /* SwiftUIViews */ = {
			isa = PBXGroup;
			children = (
				6036937C2B1CCF3800AE4F04 /* Subviews */,
				6036937A2B1CCC4E00AE4F04 /* FruitListView.swift */,
			);
			path = SwiftUIViews;
			sourceTree = "<group>";
		};
		603693792B1CCBD500AE4F04 /* UIKitViews */ = {
			isa = PBXGroup;
			children = (
				603693842B1CE65500AE4F04 /* Subviews */,
				6036937F2B1CD5BD00AE4F04 /* FruitListUIViewViewController.swift */,
				603693822B1CD60F00AE4F04 /* FruitListUITableView.swift */,
			);
			path = UIKitViews;
			sourceTree = "<group>";
		};
		6036937C2B1CCF3800AE4F04 /* Subviews */ = {
			isa = PBXGroup;
			children = (
				6036937D2B1CCF4500AE4F04 /* FruitListCell.swift */,
			);
			path = Subviews;
			sourceTree = "<group>";
		};
		603693842B1CE65500AE4F04 /* Subviews */ = {
			isa = PBXGroup;
			children = (
				603693852B1CE66100AE4F04 /* FruitCellUIHorizontalStackView.swift */,
			);
			path = Subviews;
			sourceTree = "<group>";
		};
/* End PBXGroup section */

/* Begin PBXNativeTarget section */
		603693562B1C6FA700AE4F04 /* MVVMForBothUIKitAndSwiftUI */ = {
			isa = PBXNativeTarget;
			buildConfigurationList = 6036936B2B1C6FA700AE4F04 /* Build configuration list for PBXNativeTarget "MVVMForBothUIKitAndSwiftUI" */;
			buildPhases = (
				603693532B1C6FA700AE4F04 /* Sources */,
				603693542B1C6FA700AE4F04 /* Frameworks */,
				603693552B1C6FA700AE4F04 /* Resources */,
			);
			buildRules = (
			);
			dependencies = (
			);
			name = MVVMForBothUIKitAndSwiftUI;
			productName = MVVMForBothUIKitAndSwiftUI;
			productReference = 603693572B1C6FA700AE4F04 /* MVVMForBothUIKitAndSwiftUI.app */;
			productType = "com.apple.product-type.application";
		};
/* End PBXNativeTarget section */

/* Begin PBXProject section */
		6036934F2B1C6FA600AE4F04 /* Project object */ = {
			isa = PBXProject;
			attributes = {
				BuildIndependentTargetsInParallel = 1;
				LastSwiftUpdateCheck = 1430;
				LastUpgradeCheck = 1430;
				TargetAttributes = {
					603693562B1C6FA700AE4F04 = {
						CreatedOnToolsVersion = 14.3;
					};
				};
			};
			buildConfigurationList = 603693522B1C6FA600AE4F04 /* Build configuration list for PBXProject "MVVMForBothUIKitAndSwiftUI" */;
			compatibilityVersion = "Xcode 14.0";
			developmentRegion = en;
			hasScannedForEncodings = 0;
			knownRegions = (
				en,
				Base,
			);
			mainGroup = 6036934E2B1C6FA600AE4F04;
			productRefGroup = 603693582B1C6FA700AE4F04 /* Products */;
			projectDirPath = "";
			projectRoot = "";
			targets = (
				603693562B1C6FA700AE4F04 /* MVVMForBothUIKitAndSwiftUI */,
			);
		};
/* End PBXProject section */

/* Begin PBXResourcesBuildPhase section */
		603693552B1C6FA700AE4F04 /* Resources */ = {
			isa = PBXResourcesBuildPhase;
			buildActionMask = 2147483647;
			files = (
				603693672B1C6FA700AE4F04 /* LaunchScreen.storyboard in Resources */,
				603693642B1C6FA700AE4F04 /* Assets.xcassets in Resources */,
			);
			runOnlyForDeploymentPostprocessing = 0;
		};
/* End PBXResourcesBuildPhase section */

/* Begin PBXSourcesBuildPhase section */
		603693532B1C6FA700AE4F04 /* Sources */ = {
			isa = PBXSourcesBuildPhase;
			buildActionMask = 2147483647;
			files = (
				603693862B1CE66100AE4F04 /* FruitCellUIHorizontalStackView.swift in Sources */,
				603693752B1CC93900AE4F04 /* ViewModel.swift in Sources */,
				603693832B1CD60F00AE4F04 /* FruitListUITableView.swift in Sources */,
				603693732B1C72B800AE4F04 /* InitialVCCustomButton.swift in Sources */,
				603693802B1CD5BD00AE4F04 /* FruitListUIViewViewController.swift in Sources */,
				6036935F2B1C6FA700AE4F04 /* InitialViewController.swift in Sources */,
				6036935B2B1C6FA700AE4F04 /* AppDelegate.swift in Sources */,
				6036937B2B1CCC4E00AE4F04 /* FruitListView.swift in Sources */,
				6036937E2B1CCF4500AE4F04 /* FruitListCell.swift in Sources */,
				603693772B1CCB2C00AE4F04 /* FruitModel.swift in Sources */,
				6036935D2B1C6FA700AE4F04 /* SceneDelegate.swift in Sources */,
			);
			runOnlyForDeploymentPostprocessing = 0;
		};
/* End PBXSourcesBuildPhase section */

/* Begin PBXVariantGroup section */
		603693652B1C6FA700AE4F04 /* LaunchScreen.storyboard */ = {
			isa = PBXVariantGroup;
			children = (
				603693662B1C6FA700AE4F04 /* Base */,
			);
			name = LaunchScreen.storyboard;
			sourceTree = "<group>";
		};
/* End PBXVariantGroup section */

/* Begin XCBuildConfiguration section */
		603693692B1C6FA700AE4F04 /* Debug */ = {
			isa = XCBuildConfiguration;
			buildSettings = {
				ALWAYS_SEARCH_USER_PATHS = NO;
				CLANG_ANALYZER_NONNULL = YES;
				CLANG_ANALYZER_NUMBER_OBJECT_CONVERSION = YES_AGGRESSIVE;
				CLANG_CXX_LANGUAGE_STANDARD = "gnu++20";
				CLANG_ENABLE_MODULES = YES;
				CLANG_ENABLE_OBJC_ARC = YES;
				CLANG_ENABLE_OBJC_WEAK = YES;
				CLANG_WARN_BLOCK_CAPTURE_AUTORELEASING = YES;
				CLANG_WARN_BOOL_CONVERSION = YES;
				CLANG_WARN_COMMA = YES;
				CLANG_WARN_CONSTANT_CONVERSION = YES;
				CLANG_WARN_DEPRECATED_OBJC_IMPLEMENTATIONS = YES;
				CLANG_WARN_DIRECT_OBJC_ISA_USAGE = YES_ERROR;
				CLANG_WARN_DOCUMENTATION_COMMENTS = YES;
				CLANG_WARN_EMPTY_BODY = YES;
				CLANG_WARN_ENUM_CONVERSION = YES;
				CLANG_WARN_INFINITE_RECURSION = YES;
				CLANG_WARN_INT_CONVERSION = YES;
				CLANG_WARN_NON_LITERAL_NULL_CONVERSION = YES;
				CLANG_WARN_OBJC_IMPLICIT_RETAIN_SELF = YES;
				CLANG_WARN_OBJC_LITERAL_CONVERSION = YES;
				CLANG_WARN_OBJC_ROOT_CLASS = YES_ERROR;
				CLANG_WARN_QUOTED_INCLUDE_IN_FRAMEWORK_HEADER = YES;
				CLANG_WARN_RANGE_LOOP_ANALYSIS = YES;
				CLANG_WARN_STRICT_PROTOTYPES = YES;
				CLANG_WARN_SUSPICIOUS_MOVE = YES;
				CLANG_WARN_UNGUARDED_AVAILABILITY = YES_AGGRESSIVE;
				CLANG_WARN_UNREACHABLE_CODE = YES;
				CLANG_WARN__DUPLICATE_METHOD_MATCH = YES;
				COPY_PHASE_STRIP = NO;
				DEBUG_INFORMATION_FORMAT = dwarf;
				ENABLE_STRICT_OBJC_MSGSEND = YES;
				ENABLE_TESTABILITY = YES;
				GCC_C_LANGUAGE_STANDARD = gnu11;
				GCC_DYNAMIC_NO_PIC = NO;
				GCC_NO_COMMON_BLOCKS = YES;
				GCC_OPTIMIZATION_LEVEL = 0;
				GCC_PREPROCESSOR_DEFINITIONS = (
					"DEBUG=1",
					"$(inherited)",
				);
				GCC_WARN_64_TO_32_BIT_CONVERSION = YES;
				GCC_WARN_ABOUT_RETURN_TYPE = YES_ERROR;
				GCC_WARN_UNDECLARED_SELECTOR = YES;
				GCC_WARN_UNINITIALIZED_AUTOS = YES_AGGRESSIVE;
				GCC_WARN_UNUSED_FUNCTION = YES;
				GCC_WARN_UNUSED_VARIABLE = YES;
				IPHONEOS_DEPLOYMENT_TARGET = 16.4;
				MTL_ENABLE_DEBUG_INFO = INCLUDE_SOURCE;
				MTL_FAST_MATH = YES;
				ONLY_ACTIVE_ARCH = YES;
				SDKROOT = iphoneos;
				SWIFT_ACTIVE_COMPILATION_CONDITIONS = DEBUG;
				SWIFT_OPTIMIZATION_LEVEL = "-Onone";
			};
			name = Debug;
		};
		6036936A2B1C6FA700AE4F04 /* Release */ = {
			isa = XCBuildConfiguration;
			buildSettings = {
				ALWAYS_SEARCH_USER_PATHS = NO;
				CLANG_ANALYZER_NONNULL = YES;
				CLANG_ANALYZER_NUMBER_OBJECT_CONVERSION = YES_AGGRESSIVE;
				CLANG_CXX_LANGUAGE_STANDARD = "gnu++20";
				CLANG_ENABLE_MODULES = YES;
				CLANG_ENABLE_OBJC_ARC = YES;
				CLANG_ENABLE_OBJC_WEAK = YES;
				CLANG_WARN_BLOCK_CAPTURE_AUTORELEASING = YES;
				CLANG_WARN_BOOL_CONVERSION = YES;
				CLANG_WARN_COMMA = YES;
				CLANG_WARN_CONSTANT_CONVERSION = YES;
				CLANG_WARN_DEPRECATED_OBJC_IMPLEMENTATIONS = YES;
				CLANG_WARN_DIRECT_OBJC_ISA_USAGE = YES_ERROR;
				CLANG_WARN_DOCUMENTATION_COMMENTS = YES;
				CLANG_WARN_EMPTY_BODY = YES;
				CLANG_WARN_ENUM_CONVERSION = YES;
				CLANG_WARN_INFINITE_RECURSION = YES;
				CLANG_WARN_INT_CONVERSION = YES;
				CLANG_WARN_NON_LITERAL_NULL_CONVERSION = YES;
				CLANG_WARN_OBJC_IMPLICIT_RETAIN_SELF = YES;
				CLANG_WARN_OBJC_LITERAL_CONVERSION = YES;
				CLANG_WARN_OBJC_ROOT_CLASS = YES_ERROR;
				CLANG_WARN_QUOTED_INCLUDE_IN_FRAMEWORK_HEADER = YES;
				CLANG_WARN_RANGE_LOOP_ANALYSIS = YES;
				CLANG_WARN_STRICT_PROTOTYPES = YES;
				CLANG_WARN_SUSPICIOUS_MOVE = YES;
				CLANG_WARN_UNGUARDED_AVAILABILITY = YES_AGGRESSIVE;
				CLANG_WARN_UNREACHABLE_CODE = YES;
				CLANG_WARN__DUPLICATE_METHOD_MATCH = YES;
				COPY_PHASE_STRIP = NO;
				DEBUG_INFORMATION_FORMAT = "dwarf-with-dsym";
				ENABLE_NS_ASSERTIONS = NO;
				ENABLE_STRICT_OBJC_MSGSEND = YES;
				GCC_C_LANGUAGE_STANDARD = gnu11;
				GCC_NO_COMMON_BLOCKS = YES;
				GCC_WARN_64_TO_32_BIT_CONVERSION = YES;
				GCC_WARN_ABOUT_RETURN_TYPE = YES_ERROR;
				GCC_WARN_UNDECLARED_SELECTOR = YES;
				GCC_WARN_UNINITIALIZED_AUTOS = YES_AGGRESSIVE;
				GCC_WARN_UNUSED_FUNCTION = YES;
				GCC_WARN_UNUSED_VARIABLE = YES;
				IPHONEOS_DEPLOYMENT_TARGET = 16.4;
				MTL_ENABLE_DEBUG_INFO = NO;
				MTL_FAST_MATH = YES;
				SDKROOT = iphoneos;
				SWIFT_COMPILATION_MODE = wholemodule;
				SWIFT_OPTIMIZATION_LEVEL = "-O";
				VALIDATE_PRODUCT = YES;
			};
			name = Release;
		};
		6036936C2B1C6FA700AE4F04 /* Debug */ = {
			isa = XCBuildConfiguration;
			buildSettings = {
				ASSETCATALOG_COMPILER_APPICON_NAME = AppIcon;
				ASSETCATALOG_COMPILER_GLOBAL_ACCENT_COLOR_NAME = AccentColor;
				CODE_SIGN_STYLE = Automatic;
				CURRENT_PROJECT_VERSION = 1;
				GENERATE_INFOPLIST_FILE = YES;
				INFOPLIST_FILE = MVVMForBothUIKitAndSwiftUI/Info.plist;
				INFOPLIST_KEY_UIApplicationSupportsIndirectInputEvents = YES;
				INFOPLIST_KEY_UILaunchStoryboardName = LaunchScreen;
				INFOPLIST_KEY_UISupportedInterfaceOrientations_iPad = "UIInterfaceOrientationPortrait UIInterfaceOrientationPortraitUpsideDown UIInterfaceOrientationLandscapeLeft UIInterfaceOrientationLandscapeRight";
				INFOPLIST_KEY_UISupportedInterfaceOrientations_iPhone = "UIInterfaceOrientationPortrait UIInterfaceOrientationLandscapeLeft UIInterfaceOrientationLandscapeRight";
				LD_RUNPATH_SEARCH_PATHS = (
					"$(inherited)",
					"@executable_path/Frameworks",
				);
				MARKETING_VERSION = 1.0;
				PRODUCT_BUNDLE_IDENTIFIER = none.MVVMForBothUIKitAndSwiftUI;
				PRODUCT_NAME = "$(TARGET_NAME)";
				SWIFT_EMIT_LOC_STRINGS = YES;
				SWIFT_VERSION = 5.0;
				TARGETED_DEVICE_FAMILY = "1,2";
			};
			name = Debug;
		};
		6036936D2B1C6FA700AE4F04 /* Release */ = {
			isa = XCBuildConfiguration;
			buildSettings = {
				ASSETCATALOG_COMPILER_APPICON_NAME = AppIcon;
				ASSETCATALOG_COMPILER_GLOBAL_ACCENT_COLOR_NAME = AccentColor;
				CODE_SIGN_STYLE = Automatic;
				CURRENT_PROJECT_VERSION = 1;
				GENERATE_INFOPLIST_FILE = YES;
				INFOPLIST_FILE = MVVMForBothUIKitAndSwiftUI/Info.plist;
				INFOPLIST_KEY_UIApplicationSupportsIndirectInputEvents = YES;
				INFOPLIST_KEY_UILaunchStoryboardName = LaunchScreen;
				INFOPLIST_KEY_UISupportedInterfaceOrientations_iPad = "UIInterfaceOrientationPortrait UIInterfaceOrientationPortraitUpsideDown UIInterfaceOrientationLandscapeLeft UIInterfaceOrientationLandscapeRight";
				INFOPLIST_KEY_UISupportedInterfaceOrientations_iPhone = "UIInterfaceOrientationPortrait UIInterfaceOrientationLandscapeLeft UIInterfaceOrientationLandscapeRight";
				LD_RUNPATH_SEARCH_PATHS = (
					"$(inherited)",
					"@executable_path/Frameworks",
				);
				MARKETING_VERSION = 1.0;
				PRODUCT_BUNDLE_IDENTIFIER = none.MVVMForBothUIKitAndSwiftUI;
				PRODUCT_NAME = "$(TARGET_NAME)";
				SWIFT_EMIT_LOC_STRINGS = YES;
				SWIFT_VERSION = 5.0;
				TARGETED_DEVICE_FAMILY = "1,2";
			};
			name = Release;
		};
/* End XCBuildConfiguration section */

/* Begin XCConfigurationList section */
		603693522B1C6FA600AE4F04 /* Build configuration list for PBXProject "MVVMForBothUIKitAndSwiftUI" */ = {
			isa = XCConfigurationList;
			buildConfigurations = (
				603693692B1C6FA700AE4F04 /* Debug */,
				6036936A2B1C6FA700AE4F04 /* Release */,
			);
			defaultConfigurationIsVisible = 0;
			defaultConfigurationName = Release;
		};
		6036936B2B1C6FA700AE4F04 /* Build configuration list for PBXNativeTarget "MVVMForBothUIKitAndSwiftUI" */ = {
			isa = XCConfigurationList;
			buildConfigurations = (
				6036936C2B1C6FA700AE4F04 /* Debug */,
				6036936D2B1C6FA700AE4F04 /* Release */,
			);
			defaultConfigurationIsVisible = 0;
			defaultConfigurationName = Release;
		};
/* End XCConfigurationList section */
	};
	rootObject = 6036934F2B1C6FA600AE4F04 /* Project object */;
}
